
Microsoft Visual Studio Solution File, Format Version 11.00
# Visual Basic Express 2010
Project("{F184B08F-C81C-45F6-A57F-5ABD9991F28F}") = "first db", "first db\first db.vbproj", "{F5EEF543-F489-43D0-A757-C24D4CCD4481}"
EndProject
Global
	GlobalSection(SolutionConfigurationPlatforms) = preSolution
		Debug|x86 = Debug|x86
		Release|x86 = Release|x86
	EndGlobalSection
	GlobalSection(ProjectConfigurationPlatforms) = postSolution
		{F5EEF543-F489-43D0-A757-C24D4CCD4481}.Debug|x86.ActiveCfg = Debug|x86
		{F5EEF543-F489-43D0-A757-C24D4CCD4481}.Debug|x86.Build.0 = Debug|x86
		{F5EEF543-F489-43D0-A757-C24D4CCD4481}.Release|x86.ActiveCfg = Release|x86
		{F5EEF543-F489-43D0-A757-C24D4CCD4481}.Release|x86.Build.0 = Release|x86
	EndGlobalSection
	GlobalSection(SolutionProperties) = preSolution
		HideSolutionNode = FALSE
	EndGlobalSection
EndGlobal
